
Microsoft Visual Studio Solution File, Format Version 12.00
# Visual Studio 15
VisualStudioVersion = 15.0.28307.757
MinimumVisualStudioVersion = 10.0.40219.1
Project("{FAE04EC0-301F-11D3-BF4B-00C04F79EFBC}") = "WebApplication1", "WebApplication1\WebApplication1.csproj", "{4DFD92B5-4E4E-4A2E-903A-D0869CAE5519}"
EndProject
Global
	GlobalSection(SolutionConfigurationPlatforms) = preSolution
		Debug|Any CPU = Debug|Any CPU
		Release|Any CPU = Release|Any CPU
	EndGlobalSection
	GlobalSection(ProjectConfigurationPlatforms) = postSolution
		{4DFD92B5-4E4E-4A2E-903A-D0869CAE5519}.Debug|Any CPU.ActiveCfg = Debug|Any CPU
		{4DFD92B5-4E4E-4A2E-903A-D0869CAE5519}.Debug|Any CPU.Build.0 = Debug|Any CPU
		{4DFD92B5-4E4E-4A2E-903A-D0869CAE5519}.Release|Any CPU.ActiveCfg = Release|Any CPU
		{4DFD92B5-4E4E-4A2E-903A-D0869CAE5519}.Release|Any CPU.Build.0 = Release|Any CPU
	EndGlobalSection
	GlobalSection(SolutionProperties) = preSolution
		HideSolutionNode = FALSE
	EndGlobalSection
	GlobalSection(ExtensibilityGlobals) = postSolution
		SolutionGuid = {9BD2C085-E946-4AD5-B6A7-073D8B3CDF37}
	EndGlobalSection
EndGlobal
